
Microsoft Visual Studio Solution File, Format Version 12.00
# Visual Studio 15
VisualStudioVersion = 15.0.28307.1500
MinimumVisualStudioVersion = 10.0.40219.1
Project("{FAE04EC0-301F-11D3-BF4B-00C04F79EFBC}") = "uvrp", "uvrp\uvrp.csproj", "{A486F5DD-F76D-42C2-849E-6C00C4FB22C9}"
EndProject
Global
	GlobalSection(SolutionConfigurationPlatforms) = preSolution
		Debug|Any CPU = Debug|Any CPU
		Release|Any CPU = Release|Any CPU
	EndGlobalSection
	GlobalSection(ProjectConfigurationPlatforms) = postSolution
		{A486F5DD-F76D-42C2-849E-6C00C4FB22C9}.Debug|Any CPU.ActiveCfg = Debug|Any CPU
		{A486F5DD-F76D-42C2-849E-6C00C4FB22C9}.Debug|Any CPU.Build.0 = Debug|Any CPU
		{A486F5DD-F76D-42C2-849E-6C00C4FB22C9}.Release|Any CPU.ActiveCfg = Release|Any CPU
		{A486F5DD-F76D-42C2-849E-6C00C4FB22C9}.Release|Any CPU.Build.0 = Release|Any CPU
	EndGlobalSection
	GlobalSection(SolutionProperties) = preSolution
		HideSolutionNode = FALSE
	EndGlobalSection
	GlobalSection(ExtensibilityGlobals) = postSolution
		SolutionGuid = {73F3ADBC-A5F9-4664-AE1A-96EAA0E4C5B3}
	EndGlobalSection
EndGlobal
